
Microsoft Visual Studio Solution File, Format Version 12.00
# Visual Studio Version 17
VisualStudioVersion = 17.7.34018.315
MinimumVisualStudioVersion = 10.0.40219.1
Project("{9A19103F-16F7-4668-BE54-9A1E7A4F7556}") = "ProjectManagementWinApp_VuLong", "ProjectManagementWinApp_VuLong\ProjectManagementWinApp_VuLong.csproj", "{D0740921-FAC5-4FEC-9A81-75634350E602}"
EndProject
Project("{9A19103F-16F7-4668-BE54-9A1E7A4F7556}") = "BusinessObjects", "BusinessObjects\BusinessObjects.csproj", "{07C511C1-97B8-4BA0-8F92-4A3721940FA3}"
EndProject
Project("{9A19103F-16F7-4668-BE54-9A1E7A4F7556}") = "DataAccessObjects", "DataAccessObjects\DataAccessObjects.csproj", "{F1E53F7C-08B0-47EE-B08D-362CD8B485A9}"
EndProject
Project("{9A19103F-16F7-4668-BE54-9A1E7A4F7556}") = "Repositories", "Repositories\Repositories.csproj", "{C5A44D0E-6C09-4F3B-B881-9E71BFEEC2F2}"
EndProject
Global
	GlobalSection(SolutionConfigurationPlatforms) = preSolution
		Debug|Any CPU = Debug|Any CPU
		Release|Any CPU = Release|Any CPU
	EndGlobalSection
	GlobalSection(ProjectConfigurationPlatforms) = postSolution
		{D0740921-FAC5-4FEC-9A81-75634350E602}.Debug|Any CPU.ActiveCfg = Debug|Any CPU
		{D0740921-FAC5-4FEC-9A81-75634350E602}.Debug|Any CPU.Build.0 = Debug|Any CPU
		{D0740921-FAC5-4FEC-9A81-75634350E602}.Release|Any CPU.ActiveCfg = Release|Any CPU
		{D0740921-FAC5-4FEC-9A81-75634350E602}.Release|Any CPU.Build.0 = Release|Any CPU
		{07C511C1-97B8-4BA0-8F92-4A3721940FA3}.Debug|Any CPU.ActiveCfg = Debug|Any CPU
		{07C511C1-97B8-4BA0-8F92-4A3721940FA3}.Debug|Any CPU.Build.0 = Debug|Any CPU
		{07C511C1-97B8-4BA0-8F92-4A3721940FA3}.Release|Any CPU.ActiveCfg = Release|Any CPU
		{07C511C1-97B8-4BA0-8F92-4A3721940FA3}.Release|Any CPU.Build.0 = Release|Any CPU
		{F1E53F7C-08B0-47EE-B08D-362CD8B485A9}.Debug|Any CPU.ActiveCfg = Debug|Any CPU
		{F1E53F7C-08B0-47EE-B08D-362CD8B485A9}.Debug|Any CPU.Build.0 = Debug|Any CPU
		{F1E53F7C-08B0-47EE-B08D-362CD8B485A9}.Release|Any CPU.ActiveCfg = Release|Any CPU
		{F1E53F7C-08B0-47EE-B08D-362CD8B485A9}.Release|Any CPU.Build.0 = Release|Any CPU
		{C5A44D0E-6C09-4F3B-B881-9E71BFEEC2F2}.Debug|Any CPU.ActiveCfg = Debug|Any CPU
		{C5A44D0E-6C09-4F3B-B881-9E71BFEEC2F2}.Debug|Any CPU.Build.0 = Debug|Any CPU
		{C5A44D0E-6C09-4F3B-B881-9E71BFEEC2F2}.Release|Any CPU.ActiveCfg = Release|Any CPU
		{C5A44D0E-6C09-4F3B-B881-9E71BFEEC2F2}.Release|Any CPU.Build.0 = Release|Any CPU
	EndGlobalSection
	GlobalSection(SolutionProperties) = preSolution
		HideSolutionNode = FALSE
	EndGlobalSection
	GlobalSection(ExtensibilityGlobals) = postSolution
		SolutionGuid = {7729E729-6750-4C86-B0FA-D53415ED64C7}
	EndGlobalSection
EndGlobal
